<?xml version="1.0" encoding="utf-8"?>
<Project ToolsVersion="4.0" xmlns="http://schemas.microsoft.com/developer/msbuild/2003">
  <ItemGroup>
    <Filter Include="源文件">
      <UniqueIdentifier>{4FC737F1-C7A5-4376-A066-2A32D752A2FF}</UniqueIdentifier>
      <Extensions>cpp;c;cc;cxx;c++;cppm;ixx;def;odl;idl;hpj;bat;asm;asmx</Extensions>
    </Filter>
    <Filter Include="头文件">
      <UniqueIdentifier>{93995380-89BD-4b04-88EB-625FBE52EBFB}</UniqueIdentifier>
      <Extensions>h;hh;hpp;hxx;h++;hm;inl;inc;ipp;xsd</Extensions>
    </Filter>
    <Filter Include="资源文件">
      <UniqueIdentifier>{67DA6AB6-F800-4c08-8B7A-83BB121AAD01}</UniqueIdentifier>
      <Extensions>rc;ico;cur;bmp;dlg;rc2;rct;bin;rgs;gif;jpg;jpeg;jpe;resx;tiff;tif;png;wav;mfcribbon-ms</Extensions>
    </Filter>
    <Filter Include="Design">
      <UniqueIdentifier>{aeca27db-b5f8-45fe-9abc-46ce0ab186ad}</UniqueIdentifier>
    </Filter>
    <Filter Include="Design\ProTotype">
      <UniqueIdentifier>{5ee63381-3590-414d-b174-94cb848e8f3d}</UniqueIdentifier>
    </Filter>
    <Filter Include="Test">
      <UniqueIdentifier>{bef1a2f3-4187-4ea2-b73d-c766d2f47eb1}</UniqueIdentifier>
    </Filter>
    <Filter Include="Logger">
      <UniqueIdentifier>{fbdd913b-dbfc-4d65-9b8a-36c57733fa74}</UniqueIdentifier>
    </Filter>
    <Filter Include="LeetcodeTest">
      <UniqueIdentifier>{62ae529d-eea3-4f34-8e23-4afeb7224435}</UniqueIdentifier>
    </Filter>
    <Filter Include="Tree">
      <UniqueIdentifier>{21a47567-bfe9-4780-910c-14761217fc2b}</UniqueIdentifier>
    </Filter>
    <Filter Include="Tree\RBTree">
      <UniqueIdentifier>{b90d92cb-50f4-4698-9e8a-21bdba99ce1d}</UniqueIdentifier>
    </Filter>
  </ItemGroup>
  <ItemGroup>
    <ClCompile Include="main.cpp">
      <Filter>源文件</Filter>
    </ClCompile>
    <ClCompile Include="stdafx.cpp">
      <Filter>源文件</Filter>
    </ClCompile>
    <ClCompile Include="DesignBase.cpp">
      <Filter>Design</Filter>
    </ClCompile>
    <ClCompile Include="DesignMgr.cpp">
      <Filter>Design</Filter>
    </ClCompile>
    <ClCompile Include="ProTotype.cpp">
      <Filter>Design\ProTotype</Filter>
    </ClCompile>
    <ClCompile Include="Adaper.cpp">
      <Filter>Design</Filter>
    </ClCompile>
    <ClCompile Include="TemplateMethod.cpp">
      <Filter>Design</Filter>
    </ClCompile>
    <ClCompile Include="Observer.cpp">
      <Filter>Design</Filter>
    </ClCompile>
    <ClCompile Include="Test.cpp">
      <Filter>Test</Filter>
    </ClCompile>
    <ClCompile Include="Logger.cpp">
      <Filter>Logger</Filter>
    </ClCompile>
    <ClCompile Include="LeetCodeTest.cpp">
      <Filter>LeetcodeTest</Filter>
    </ClCompile>
    <ClCompile Include="SmartAllocator.cpp">
      <Filter>Test</Filter>
    </ClCompile>
    <ClCompile Include="TreeTest.cpp">
      <Filter>Tree</Filter>
    </ClCompile>
    <ClCompile Include="DijkstraTest.cpp">
      <Filter>Test</Filter>
    </ClCompile>
    <ClCompile Include="SortTest.cpp">
      <Filter>Test</Filter>
    </ClCompile>
  </ItemGroup>
  <ItemGroup>
    <ClInclude Include="stdafx.h">
      <Filter>头文件</Filter>
    </ClInclude>
    <ClInclude Include="DesignBase.h">
      <Filter>Design</Filter>
    </ClInclude>
    <ClInclude Include="DesignMgr.h">
      <Filter>Design</Filter>
    </ClInclude>
    <ClInclude Include="ProTotype.h">
      <Filter>Design\ProTotype</Filter>
    </ClInclude>
    <ClInclude Include="Adaper.h">
      <Filter>Design</Filter>
    </ClInclude>
    <ClInclude Include="TemplateMethod.h">
      <Filter>Design</Filter>
    </ClInclude>
    <ClInclude Include="Observer.h">
      <Filter>Design</Filter>
    </ClInclude>
    <ClInclude Include="Test.h">
      <Filter>Test</Filter>
    </ClInclude>
    <ClInclude Include="Logger.h">
      <Filter>Logger</Filter>
    </ClInclude>
    <ClInclude Include="LeetCodeTest.h">
      <Filter>LeetcodeTest</Filter>
    </ClInclude>
    <ClInclude Include="SmartAllocator.h">
      <Filter>Test</Filter>
    </ClInclude>
    <ClInclude Include="noncopyable.h">
      <Filter>头文件</Filter>
    </ClInclude>
    <ClInclude Include="TreeNode.h">
      <Filter>Tree</Filter>
    </ClInclude>
    <ClInclude Include="RBTree.h">
      <Filter>Tree\RBTree</Filter>
    </ClInclude>
    <ClInclude Include="TreeTest.h">
      <Filter>Tree</Filter>
    </ClInclude>
    <ClInclude Include="DijkstraTest.h">
      <Filter>Test</Filter>
    </ClInclude>
    <ClInclude Include="Sort.hpp">
      <Filter>Test</Filter>
    </ClInclude>
    <ClInclude Include="SortTest.h">
      <Filter>Test</Filter>
    </ClInclude>
  </ItemGroup>
</Project>